// !$*UTF8*$!
{
	archiveVersion = 1;
	classes = {
	};
	objectVersion = 46;
	objects = {

/* Begin PBXBuildFile section */
		5C0FCCB91741C1D1001F7054 /* UIKit.framework in Frameworks */ = {isa = PBXBuildFile; fileRef = 5C0FCCB81741C1D1001F7054 /* UIKit.framework */; };
		5C0FCCBB1741C1D1001F7054 /* Foundation.framework in Frameworks */ = {isa = PBXBuildFile; fileRef = 5C0FCCBA1741C1D1001F7054 /* Foundation.framework */; };
		5C0FCCBD1741C1D1001F7054 /* CoreGraphics.framework in Frameworks */ = {isa = PBXBuildFile; fileRef = 5C0FCCBC1741C1D1001F7054 /* CoreGraphics.framework */; };
		5C0FCCC31741C1D1001F7054 /* InfoPlist.strings in Resources */ = {isa = PBXBuildFile; fileRef = 5C0FCCC11741C1D1001F7054 /* InfoPlist.strings */; };
		5C0FCCC51741C1D1001F7054 /* main.m in Sources */ = {isa = PBXBuildFile; fileRef = 5C0FCCC41741C1D1001F7054 /* main.m */; };
		5C0FCCC91741C1D1001F7054 /* TestAppDelegate.m in Sources */ = {isa = PBXBuildFile; fileRef = 5C0FCCC81741C1D1001F7054 /* TestAppDelegate.m */; };
		5C0FCCCB1741C1D1001F7054 /* Default.png in Resources */ = {isa = PBXBuildFile; fileRef = 5C0FCCCA1741C1D1001F7054 /* Default.png */; };
		5C0FCCCD1741C1D1001F7054 /* Default@2x.png in Resources */ = {isa = PBXBuildFile; fileRef = 5C0FCCCC1741C1D1001F7054 /* Default@2x.png */; };
		5C0FCCCF1741C1D1001F7054 /* Default-568h@2x.png in Resources */ = {isa = PBXBuildFile; fileRef = 5C0FCCCE1741C1D1001F7054 /* Default-568h@2x.png */; };
		5C0FCCD21741C1D1001F7054 /* MainStoryboard.storyboard in Resources */ = {isa = PBXBuildFile; fileRef = 5C0FCCD01741C1D1001F7054 /* MainStoryboard.storyboard */; };
		5C0FCCD51741C1D1001F7054 /* TestViewController.m in Sources */ = {isa = PBXBuildFile; fileRef = 5C0FCCD41741C1D1001F7054 /* TestViewController.m */; };
/* End PBXBuildFile section */

/* Begin PBXFileReference section */
		5C0FCCB51741C1D1001F7054 /* HelloWorld.app */ = {isa = PBXFileReference; explicitFileType = wrapper.application; includeInIndex = 0; path = HelloWorld.app; sourceTree = BUILT_PRODUCTS_DIR; };
		5C0FCCB81741C1D1001F7054 /* UIKit.framework */ = {isa = PBXFileReference; lastKnownFileType = wrapper.framework; name = UIKit.framework; path = System/Library/Frameworks/UIKit.framework; sourceTree = SDKROOT; };
		5C0FCCBA1741C1D1001F7054 /* Foundation.framework */ = {isa = PBXFileReference; lastKnownFileType = wrapper.framework; name = Foundation.framework; path = System/Library/Frameworks/Foundation.framework; sourceTree = SDKROOT; };
		5C0FCCBC1741C1D1001F7054 /* CoreGraphics.framework */ = {isa = PBXFileReference; lastKnownFileType = wrapper.framework; name = CoreGraphics.framework; path = System/Library/Frameworks/CoreGraphics.framework; sourceTree = SDKROOT; };
		5C0FCCC01741C1D1001F7054 /* HelloWorld-Info.plist */ = {isa = PBXFileReference; lastKnownFileType = text.plist.xml; path = "HelloWorld-Info.plist"; sourceTree = "<group>"; };
		5C0FCCC21741C1D1001F7054 /* en */ = {isa = PBXFileReference; lastKnownFileType = text.plist.strings; name = en; path = en.lproj/InfoPlist.strings; sourceTree = "<group>"; };
		5C0FCCC41741C1D1001F7054 /* main.m */ = {isa = PBXFileReference; lastKnownFileType = sourcecode.c.objc; path = main.m; sourceTree = "<group>"; };
		5C0FCCC61741C1D1001F7054 /* HelloWorld-Prefix.pch */ = {isa = PBXFileReference; lastKnownFileType = sourcecode.c.h; path = "HelloWorld-Prefix.pch"; sourceTree = "<group>"; };
		5C0FCCC71741C1D1001F7054 /* TestAppDelegate.h */ = {isa = PBXFileReference; lastKnownFileType = sourcecode.c.h; path = TestAppDelegate.h; sourceTree = "<group>"; };
		5C0FCCC81741C1D1001F7054 /* TestAppDelegate.m */ = {isa = PBXFileReference; lastKnownFileType = sourcecode.c.objc; path = TestAppDelegate.m; sourceTree = "<group>"; };
		5C0FCCCA1741C1D1001F7054 /* Default.png */ = {isa = PBXFileReference; lastKnownFileType = image.png; path = Default.png; sourceTree = "<group>"; };
		5C0FCCCC1741C1D1001F7054 /* Default@2x.png */ = {isa = PBXFileReference; lastKnownFileType = image.png; path = "Default@2x.png"; sourceTree = "<group>"; };
		5C0FCCCE1741C1D1001F7054 /* Default-568h@2x.png */ = {isa = PBXFileReference; lastKnownFileType = image.png; path = "Default-568h@2x.png"; sourceTree = "<group>"; };
		5C0FCCD11741C1D1001F7054 /* en */ = {isa = PBXFileReference; lastKnownFileType = file.storyboard; name = en; path = en.lproj/MainStoryboard.storyboard; sourceTree = "<group>"; };
		5C0FCCD31741C1D1001F7054 /* TestViewController.h */ = {isa = PBXFileReference; lastKnownFileType = sourcecode.c.h; path = TestViewController.h; sourceTree = "<group>"; };
		5C0FCCD41741C1D1001F7054 /* TestViewController.m */ = {isa = PBXFileReference; lastKnownFileType = sourcecode.c.objc; path = TestViewController.m; sourceTree = "<group>"; };
/* End PBXFileReference section */

/* Begin PBXFrameworksBuildPhase section */
		5C0FCCB21741C1D1001F7054 /* Frameworks */ = {
			isa = PBXFrameworksBuildPhase;
			buildActionMask = 2147483647;
			files = (
				5C0FCCB91741C1D1001F7054 /* UIKit.framework in Frameworks */,
				5C0FCCBB1741C1D1001F7054 /* Foundation.framework in Frameworks */,
				5C0FCCBD1741C1D1001F7054 /* CoreGraphics.framework in Frameworks */,
			);
			runOnlyForDeploymentPostprocessing = 0;
		};
/* End PBXFrameworksBuildPhase section */

/* Begin PBXGroup section */
		5C0FCCAC1741C1D1001F7054 = {
			isa = PBXGroup;
			children = (
				5C0FCCBE1741C1D1001F7054 /* HelloWorld */,
				5C0FCCB71741C1D1001F7054 /* Frameworks */,
				5C0FCCB61741C1D1001F7054 /* Products */,
			);
			sourceTree = "<group>";
		};
		5C0FCCB61741C1D1001F7054 /* Products */ = {
			isa = PBXGroup;
			children = (
				5C0FCCB51741C1D1001F7054 /* HelloWorld.app */,
			);
			name = Products;
			sourceTree = "<group>";
		};
		5C0FCCB71741C1D1001F7054 /* Frameworks */ = {
			isa = PBXGroup;
			children = (
				5C0FCCB81741C1D1001F7054 /* UIKit.framework */,
				5C0FCCBA1741C1D1001F7054 /* Foundation.framework */,
				5C0FCCBC1741C1D1001F7054 /* CoreGraphics.framework */,
			);
			name = Frameworks;
			sourceTree = "<group>";
		};
		5C0FCCBE1741C1D1001F7054 /* HelloWorld */ = {
			isa = PBXGroup;
			children = (
				5C0FCCC71741C1D1001F7054 /* TestAppDelegate.h */,
				5C0FCCC81741C1D1001F7054 /* TestAppDelegate.m */,
				5C0FCCD01741C1D1001F7054 /* MainStoryboard.storyboard */,
				5C0FCCD31741C1D1001F7054 /* TestViewController.h */,
				5C0FCCD41741C1D1001F7054 /* TestViewController.m */,
				5C0FCCBF1741C1D1001F7054 /* Supporting Files */,
			);
			path = HelloWorld;
			sourceTree = "<group>";
		};
		5C0FCCBF1741C1D1001F7054 /* Supporting Files */ = {
			isa = PBXGroup;
			children = (
				5C0FCCC01741C1D1001F7054 /* HelloWorld-Info.plist */,
				5C0FCCC11741C1D1001F7054 /* InfoPlist.strings */,
				5C0FCCC41741C1D1001F7054 /* main.m */,
				5C0FCCC61741C1D1001F7054 /* HelloWorld-Prefix.pch */,
				5C0FCCCA1741C1D1001F7054 /* Default.png */,
				5C0FCCCC1741C1D1001F7054 /* Default@2x.png */,
				5C0FCCCE1741C1D1001F7054 /* Default-568h@2x.png */,
			);
			name = "Supporting Files";
			sourceTree = "<group>";
		};
/* End PBXGroup section */

/* Begin PBXNativeTarget section */
		5C0FCCB41741C1D1001F7054 /* HelloWorld */ = {
			isa = PBXNativeTarget;
			buildConfigurationList = 5C0FCCD81741C1D1001F7054 /* Build configuration list for PBXNativeTarget "HelloWorld" */;
			buildPhases = (
				5C0FCCB11741C1D1001F7054 /* Sources */,
				5C0FCCB21741C1D1001F7054 /* Frameworks */,
				5C0FCCB31741C1D1001F7054 /* Resources */,
			);
			buildRules = (
			);
			dependencies = (
			);
			name = HelloWorld;
			productName = HelloWorld;
			productReference = 5C0FCCB51741C1D1001F7054 /* HelloWorld.app */;
			productType = "com.apple.product-type.application";
		};
/* End PBXNativeTarget section */

/* Begin PBXProject section */
		5C0FCCAD1741C1D1001F7054 /* Project object */ = {
			isa = PBXProject;
			attributes = {
				CLASSPREFIX = Test;
				LastUpgradeCheck = 0460;
				ORGANIZATIONNAME = "Matthew Piccolella";
			};
			buildConfigurationList = 5C0FCCB01741C1D1001F7054 /* Build configuration list for PBXProject "HelloWorld" */;
			compatibilityVersion = "Xcode 3.2";
			developmentRegion = English;
			hasScannedForEncodings = 0;
			knownRegions = (
				en,
			);
			mainGroup = 5C0FCCAC1741C1D1001F7054;
			productRefGroup = 5C0FCCB61741C1D1001F7054 /* Products */;
			projectDirPath = "";
			projectRoot = "";
			targets = (
				5C0FCCB41741C1D1001F7054 /* HelloWorld */,
			);
		};
/* End PBXProject section */

/* Begin PBXResourcesBuildPhase section */
		5C0FCCB31741C1D1001F7054 /* Resources */ = {
			isa = PBXResourcesBuildPhase;
			buildActionMask = 2147483647;
			files = (
				5C0FCCC31741C1D1001F7054 /* InfoPlist.strings in Resources */,
				5C0FCCCB1741C1D1001F7054 /* Default.png in Resources */,
				5C0FCCCD1741C1D1001F7054 /* Default@2x.png in Resources */,
				5C0FCCCF1741C1D1001F7054 /* Default-568h@2x.png in Resources */,
				5C0FCCD21741C1D1001F7054 /* MainStoryboard.storyboard in Resources */,
			);
			runOnlyForDeploymentPostprocessing = 0;
		};
/* End PBXResourcesBuildPhase section */

/* Begin PBXSourcesBuildPhase section */
		5C0FCCB11741C1D1001F7054 /* Sources */ = {
			isa = PBXSourcesBuildPhase;
			buildActionMask = 2147483647;
			files = (
				5C0FCCC51741C1D1001F7054 /* main.m in Sources */,
				5C0FCCC91741C1D1001F7054 /* TestAppDelegate.m in Sources */,
				5C0FCCD51741C1D1001F7054 /* TestViewController.m in Sources */,
			);
			runOnlyForDeploymentPostprocessing = 0;
		};
/* End PBXSourcesBuildPhase section */

/* Begin PBXVariantGroup section */
		5C0FCCC11741C1D1001F7054 /* InfoPlist.strings */ = {
			isa = PBXVariantGroup;
			children = (
				5C0FCCC21741C1D1001F7054 /* en */,
			);
			name = InfoPlist.strings;
			sourceTree = "<group>";
		};
		5C0FCCD01741C1D1001F7054 /* MainStoryboard.storyboard */ = {
			isa = PBXVariantGroup;
			children = (
				5C0FCCD11741C1D1001F7054 /* en */,
			);
			name = MainStoryboard.storyboard;
			sourceTree = "<group>";
		};
/* End PBXVariantGroup section */

/* Begin XCBuildConfiguration section */
		5C0FCCD61741C1D1001F7054 /* Debug */ = {
			isa = XCBuildConfiguration;
			buildSettings = {
				ALWAYS_SEARCH_USER_PATHS = NO;
				CLANG_CXX_LANGUAGE_STANDARD = "gnu++0x";
				CLANG_CXX_LIBRARY = "libc++";
				CLANG_ENABLE_OBJC_ARC = YES;
				CLANG_WARN_CONSTANT_CONVERSION = YES;
				CLANG_WARN_EMPTY_BODY = YES;
				CLANG_WARN_ENUM_CONVERSION = YES;
				CLANG_WARN_INT_CONVERSION = YES;
				CLANG_WARN__DUPLICATE_METHOD_MATCH = YES;
				"CODE_SIGN_IDENTITY[sdk=iphoneos*]" = "iPhone Developer";
				COPY_PHASE_STRIP = NO;
				GCC_C_LANGUAGE_STANDARD = gnu99;
				GCC_DYNAMIC_NO_PIC = NO;
				GCC_OPTIMIZATION_LEVEL = 0;
				GCC_PREPROCESSOR_DEFINITIONS = (
					"DEBUG=1",
					"$(inherited)",
				);
				GCC_SYMBOLS_PRIVATE_EXTERN = NO;
				GCC_WARN_ABOUT_RETURN_TYPE = YES;
				GCC_WARN_UNINITIALIZED_AUTOS = YES;
				GCC_WARN_UNUSED_VARIABLE = YES;
				IPHONEOS_DEPLOYMENT_TARGET = 6.1;
				ONLY_ACTIVE_ARCH = YES;
				SDKROOT = iphoneos;
			};
			name = Debug;
		};
		5C0FCCD71741C1D1001F7054 /* Release */ = {
			isa = XCBuildConfiguration;
			buildSettings = {
				ALWAYS_SEARCH_USER_PATHS = NO;
				CLANG_CXX_LANGUAGE_STANDARD = "gnu++0x";
				CLANG_CXX_LIBRARY = "libc++";
				CLANG_ENABLE_OBJC_ARC = YES;
				CLANG_WARN_CONSTANT_CONVERSION = YES;
				CLANG_WARN_EMPTY_BODY = YES;
				CLANG_WARN_ENUM_CONVERSION = YES;
				CLANG_WARN_INT_CONVERSION = YES;
				CLANG_WARN__DUPLICATE_METHOD_MATCH = YES;
				"CODE_SIGN_IDENTITY[sdk=iphoneos*]" = "iPhone Developer";
				COPY_PHASE_STRIP = YES;
				GCC_C_LANGUAGE_STANDARD = gnu99;
				GCC_WARN_ABOUT_RETURN_TYPE = YES;
				GCC_WARN_UNINITIALIZED_AUTOS = YES;
				GCC_WARN_UNUSED_VARIABLE = YES;
				IPHONEOS_DEPLOYMENT_TARGET = 6.1;
				OTHER_CFLAGS = "-DNS_BLOCK_ASSERTIONS=1";
				SDKROOT = iphoneos;
				VALIDATE_PRODUCT = YES;
			};
			name = Release;
		};
		5C0FCCD91741C1D1001F7054 /* Debug */ = {
			isa = XCBuildConfiguration;
			buildSettings = {
				GCC_PRECOMPILE_PREFIX_HEADER = YES;
				GCC_PREFIX_HEADER = "HelloWorld/HelloWorld-Prefix.pch";
				INFOPLIST_FILE = "HelloWorld/HelloWorld-Info.plist";
				PRODUCT_NAME = "$(TARGET_NAME)";
				WRAPPER_EXTENSION = app;
			};
			name = Debug;
		};
		5C0FCCDA1741C1D1001F7054 /* Release */ = {
			isa = XCBuildConfiguration;
			buildSettings = {
				GCC_PRECOMPILE_PREFIX_HEADER = YES;
				GCC_PREFIX_HEADER = "HelloWorld/HelloWorld-Prefix.pch";
				INFOPLIST_FILE = "HelloWorld/HelloWorld-Info.plist";
				PRODUCT_NAME = "$(TARGET_NAME)";
				WRAPPER_EXTENSION = app;
			};
			name = Release;
		};
/* End XCBuildConfiguration section */

/* Begin XCConfigurationList section */
		5C0FCCB01741C1D1001F7054 /* Build configuration list for PBXProject "HelloWorld" */ = {
			isa = XCConfigurationList;
			buildConfigurations = (
				5C0FCCD61741C1D1001F7054 /* Debug */,
				5C0FCCD71741C1D1001F7054 /* Release */,
			);
			defaultConfigurationIsVisible = 0;
			defaultConfigurationName = Release;
		};
		5C0FCCD81741C1D1001F7054 /* Build configuration list for PBXNativeTarget "HelloWorld" */ = {
			isa = XCConfigurationList;
			buildConfigurations = (
				5C0FCCD91741C1D1001F7054 /* Debug */,
				5C0FCCDA1741C1D1001F7054 /* Release */,
			);
			defaultConfigurationIsVisible = 0;
		};
/* End XCConfigurationList section */
	};
	rootObject = 5C0FCCAD1741C1D1001F7054 /* Project object */;
}
